
Microsoft Visual Studio Solution File, Format Version 12.00
# Visual Studio Version 17
VisualStudioVersion = 17.5.33502.453
MinimumVisualStudioVersion = 10.0.40219.1
Project("{FAE04EC0-301F-11D3-BF4B-00C04F79EFBC}") = "Task2", "Task2\Task2.csproj", "{1E41B87B-292E-4D5A-86C4-91B5A35A507D}"
EndProject
Global
	GlobalSection(SolutionConfigurationPlatforms) = preSolution
		Debug|Any CPU = Debug|Any CPU
		Release|Any CPU = Release|Any CPU
	EndGlobalSection
	GlobalSection(ProjectConfigurationPlatforms) = postSolution
		{1E41B87B-292E-4D5A-86C4-91B5A35A507D}.Debug|Any CPU.ActiveCfg = Debug|Any CPU
		{1E41B87B-292E-4D5A-86C4-91B5A35A507D}.Debug|Any CPU.Build.0 = Debug|Any CPU
		{1E41B87B-292E-4D5A-86C4-91B5A35A507D}.Release|Any CPU.ActiveCfg = Release|Any CPU
		{1E41B87B-292E-4D5A-86C4-91B5A35A507D}.Release|Any CPU.Build.0 = Release|Any CPU
	EndGlobalSection
	GlobalSection(SolutionProperties) = preSolution
		HideSolutionNode = FALSE
	EndGlobalSection
	GlobalSection(ExtensibilityGlobals) = postSolution
		SolutionGuid = {9BC861A2-6AA5-45A0-BFA6-8A4D4A5D3C00}
	EndGlobalSection
EndGlobal
